
Microsoft Visual Studio Solution File, Format Version 12.00
# Visual Studio 15
VisualStudioVersion = 15.0.27130.2027
MinimumVisualStudioVersion = 10.0.40219.1
Project("{FAE04EC0-301F-11D3-BF4B-00C04F79EFBC}") = "ReverseList", "ReverseList\ReverseList.csproj", "{159FC914-8444-4324-B37B-4668E3F18466}"
EndProject
Global
	GlobalSection(SolutionConfigurationPlatforms) = preSolution
		Debug|Any CPU = Debug|Any CPU
		Release|Any CPU = Release|Any CPU
	EndGlobalSection
	GlobalSection(ProjectConfigurationPlatforms) = postSolution
		{159FC914-8444-4324-B37B-4668E3F18466}.Debug|Any CPU.ActiveCfg = Debug|Any CPU
		{159FC914-8444-4324-B37B-4668E3F18466}.Debug|Any CPU.Build.0 = Debug|Any CPU
		{159FC914-8444-4324-B37B-4668E3F18466}.Release|Any CPU.ActiveCfg = Release|Any CPU
		{159FC914-8444-4324-B37B-4668E3F18466}.Release|Any CPU.Build.0 = Release|Any CPU
	EndGlobalSection
	GlobalSection(SolutionProperties) = preSolution
		HideSolutionNode = FALSE
	EndGlobalSection
	GlobalSection(ExtensibilityGlobals) = postSolution
		SolutionGuid = {3AD749B9-0A59-47B6-BF03-BB50722D7B72}
	EndGlobalSection
EndGlobal
