
Microsoft Visual Studio Solution File, Format Version 12.00
# Visual Studio 15
VisualStudioVersion = 15.0.27130.2027
MinimumVisualStudioVersion = 10.0.40219.1
Project("{FAE04EC0-301F-11D3-BF4B-00C04F79EFBC}") = "Drawings", "Drawings\Drawings.csproj", "{C3F11B6A-0807-455D-8AC1-C9F8C81709C7}"
EndProject
Global
	GlobalSection(SolutionConfigurationPlatforms) = preSolution
		Debug|Any CPU = Debug|Any CPU
		Release|Any CPU = Release|Any CPU
	EndGlobalSection
	GlobalSection(ProjectConfigurationPlatforms) = postSolution
		{C3F11B6A-0807-455D-8AC1-C9F8C81709C7}.Debug|Any CPU.ActiveCfg = Debug|Any CPU
		{C3F11B6A-0807-455D-8AC1-C9F8C81709C7}.Debug|Any CPU.Build.0 = Debug|Any CPU
		{C3F11B6A-0807-455D-8AC1-C9F8C81709C7}.Release|Any CPU.ActiveCfg = Release|Any CPU
		{C3F11B6A-0807-455D-8AC1-C9F8C81709C7}.Release|Any CPU.Build.0 = Release|Any CPU
	EndGlobalSection
	GlobalSection(SolutionProperties) = preSolution
		HideSolutionNode = FALSE
	EndGlobalSection
	GlobalSection(ExtensibilityGlobals) = postSolution
		SolutionGuid = {152F7828-007A-4D82-8581-4AA87DC595FE}
	EndGlobalSection
EndGlobal
