
Microsoft Visual Studio Solution File, Format Version 12.00
# Visual Studio 15
VisualStudioVersion = 15.0.27130.2027
MinimumVisualStudioVersion = 10.0.40219.1
Project("{FAE04EC0-301F-11D3-BF4B-00C04F79EFBC}") = "10.Fibonacci", "10.Fibonacci\10.Fibonacci.csproj", "{EECB893E-B53D-4675-867E-AA2A957FBB09}"
EndProject
Global
	GlobalSection(SolutionConfigurationPlatforms) = preSolution
		Debug|Any CPU = Debug|Any CPU
		Release|Any CPU = Release|Any CPU
	EndGlobalSection
	GlobalSection(ProjectConfigurationPlatforms) = postSolution
		{EECB893E-B53D-4675-867E-AA2A957FBB09}.Debug|Any CPU.ActiveCfg = Debug|Any CPU
		{EECB893E-B53D-4675-867E-AA2A957FBB09}.Debug|Any CPU.Build.0 = Debug|Any CPU
		{EECB893E-B53D-4675-867E-AA2A957FBB09}.Release|Any CPU.ActiveCfg = Release|Any CPU
		{EECB893E-B53D-4675-867E-AA2A957FBB09}.Release|Any CPU.Build.0 = Release|Any CPU
	EndGlobalSection
	GlobalSection(SolutionProperties) = preSolution
		HideSolutionNode = FALSE
	EndGlobalSection
	GlobalSection(ExtensibilityGlobals) = postSolution
		SolutionGuid = {6352BB02-011C-4EB6-9C87-62A0CA275E1A}
	EndGlobalSection
EndGlobal
