
Microsoft Visual Studio Solution File, Format Version 12.00
# Visual Studio 15
VisualStudioVersion = 15.0.27428.2002
MinimumVisualStudioVersion = 10.0.40219.1
Project("{FAE04EC0-301F-11D3-BF4B-00C04F79EFBC}") = "Gardening", "Gardening\Gardening.csproj", "{CBE78EF7-C847-45ED-9569-675C89C5A23D}"
EndProject
Global
	GlobalSection(SolutionConfigurationPlatforms) = preSolution
		Debug|Any CPU = Debug|Any CPU
		Release|Any CPU = Release|Any CPU
	EndGlobalSection
	GlobalSection(ProjectConfigurationPlatforms) = postSolution
		{CBE78EF7-C847-45ED-9569-675C89C5A23D}.Debug|Any CPU.ActiveCfg = Debug|Any CPU
		{CBE78EF7-C847-45ED-9569-675C89C5A23D}.Debug|Any CPU.Build.0 = Debug|Any CPU
		{CBE78EF7-C847-45ED-9569-675C89C5A23D}.Release|Any CPU.ActiveCfg = Release|Any CPU
		{CBE78EF7-C847-45ED-9569-675C89C5A23D}.Release|Any CPU.Build.0 = Release|Any CPU
	EndGlobalSection
	GlobalSection(SolutionProperties) = preSolution
		HideSolutionNode = FALSE
	EndGlobalSection
	GlobalSection(ExtensibilityGlobals) = postSolution
		SolutionGuid = {EEF689C1-D314-4156-95DB-55B559ECEED8}
	EndGlobalSection
EndGlobal
