
Microsoft Visual Studio Solution File, Format Version 12.00
# Visual Studio 15
VisualStudioVersion = 15.0.27130.2027
MinimumVisualStudioVersion = 10.0.40219.1
Project("{FAE04EC0-301F-11D3-BF4B-00C04F79EFBC}") = "04-CandyShop", "04-CandyShop\04-CandyShop.csproj", "{BFD4D7D0-3A35-4FBA-82CB-474B89354777}"
EndProject
Global
	GlobalSection(SolutionConfigurationPlatforms) = preSolution
		Debug|Any CPU = Debug|Any CPU
		Release|Any CPU = Release|Any CPU
	EndGlobalSection
	GlobalSection(ProjectConfigurationPlatforms) = postSolution
		{BFD4D7D0-3A35-4FBA-82CB-474B89354777}.Debug|Any CPU.ActiveCfg = Debug|Any CPU
		{BFD4D7D0-3A35-4FBA-82CB-474B89354777}.Debug|Any CPU.Build.0 = Debug|Any CPU
		{BFD4D7D0-3A35-4FBA-82CB-474B89354777}.Release|Any CPU.ActiveCfg = Release|Any CPU
		{BFD4D7D0-3A35-4FBA-82CB-474B89354777}.Release|Any CPU.Build.0 = Release|Any CPU
	EndGlobalSection
	GlobalSection(SolutionProperties) = preSolution
		HideSolutionNode = FALSE
	EndGlobalSection
	GlobalSection(ExtensibilityGlobals) = postSolution
		SolutionGuid = {FA6D8F07-1B91-48A4-889E-BB7F608A14A1}
	EndGlobalSection
EndGlobal
