
Microsoft Visual Studio Solution File, Format Version 12.00
# Visual Studio 15
VisualStudioVersion = 15.0.27130.2027
MinimumVisualStudioVersion = 10.0.40219.1
Project("{FAE04EC0-301F-11D3-BF4B-00C04F79EFBC}") = "02.HumptyDumpty", "02.HumptyDumpty\02.HumptyDumpty.csproj", "{5F7B5805-BEEA-4B63-8E91-1558318255E7}"
EndProject
Global
	GlobalSection(SolutionConfigurationPlatforms) = preSolution
		Debug|Any CPU = Debug|Any CPU
		Release|Any CPU = Release|Any CPU
	EndGlobalSection
	GlobalSection(ProjectConfigurationPlatforms) = postSolution
		{5F7B5805-BEEA-4B63-8E91-1558318255E7}.Debug|Any CPU.ActiveCfg = Debug|Any CPU
		{5F7B5805-BEEA-4B63-8E91-1558318255E7}.Debug|Any CPU.Build.0 = Debug|Any CPU
		{5F7B5805-BEEA-4B63-8E91-1558318255E7}.Release|Any CPU.ActiveCfg = Release|Any CPU
		{5F7B5805-BEEA-4B63-8E91-1558318255E7}.Release|Any CPU.Build.0 = Release|Any CPU
	EndGlobalSection
	GlobalSection(SolutionProperties) = preSolution
		HideSolutionNode = FALSE
	EndGlobalSection
	GlobalSection(ExtensibilityGlobals) = postSolution
		SolutionGuid = {F31E3062-6B8B-4B3B-8934-B84E3F209D5E}
	EndGlobalSection
EndGlobal
