
Microsoft Visual Studio Solution File, Format Version 12.00
# Visual Studio 15
VisualStudioVersion = 15.0.27428.2002
MinimumVisualStudioVersion = 10.0.40219.1
Project("{FAE04EC0-301F-11D3-BF4B-00C04F79EFBC}") = "MyWebApp", "MyWebApp\MyWebApp.csproj", "{A7FC2198-DF4B-4D8C-B145-B71B37CDC022}"
EndProject
Global
	GlobalSection(SolutionConfigurationPlatforms) = preSolution
		Debug|Any CPU = Debug|Any CPU
		Release|Any CPU = Release|Any CPU
	EndGlobalSection
	GlobalSection(ProjectConfigurationPlatforms) = postSolution
		{A7FC2198-DF4B-4D8C-B145-B71B37CDC022}.Debug|Any CPU.ActiveCfg = Debug|Any CPU
		{A7FC2198-DF4B-4D8C-B145-B71B37CDC022}.Debug|Any CPU.Build.0 = Debug|Any CPU
		{A7FC2198-DF4B-4D8C-B145-B71B37CDC022}.Release|Any CPU.ActiveCfg = Release|Any CPU
		{A7FC2198-DF4B-4D8C-B145-B71B37CDC022}.Release|Any CPU.Build.0 = Release|Any CPU
	EndGlobalSection
	GlobalSection(SolutionProperties) = preSolution
		HideSolutionNode = FALSE
	EndGlobalSection
	GlobalSection(ExtensibilityGlobals) = postSolution
		SolutionGuid = {1A621405-ABBF-47B2-98B4-0C19B30F171E}
	EndGlobalSection
EndGlobal
