
Microsoft Visual Studio Solution File, Format Version 12.00
# Visual Studio 15
VisualStudioVersion = 15.0.27428.2027
MinimumVisualStudioVersion = 10.0.40219.1
Project("{9A19103F-16F7-4668-BE54-9A1E7A4F7556}") = "Guardians", "Guardians\Guardians.csproj", "{E1E5AD15-0F37-4E3F-B80B-CE2095B580E3}"
EndProject
Project("{9A19103F-16F7-4668-BE54-9A1E7A4F7556}") = "GuardiansTests", "GuarduansTests\GuardiansTests.csproj", "{C6EFD816-4277-4E3D-A7BA-6183CE61DCA6}"
EndProject
Global
	GlobalSection(SolutionConfigurationPlatforms) = preSolution
		Debug|Any CPU = Debug|Any CPU
		Release|Any CPU = Release|Any CPU
	EndGlobalSection
	GlobalSection(ProjectConfigurationPlatforms) = postSolution
		{E1E5AD15-0F37-4E3F-B80B-CE2095B580E3}.Debug|Any CPU.ActiveCfg = Debug|Any CPU
		{E1E5AD15-0F37-4E3F-B80B-CE2095B580E3}.Debug|Any CPU.Build.0 = Debug|Any CPU
		{E1E5AD15-0F37-4E3F-B80B-CE2095B580E3}.Release|Any CPU.ActiveCfg = Release|Any CPU
		{E1E5AD15-0F37-4E3F-B80B-CE2095B580E3}.Release|Any CPU.Build.0 = Release|Any CPU
		{C6EFD816-4277-4E3D-A7BA-6183CE61DCA6}.Debug|Any CPU.ActiveCfg = Debug|Any CPU
		{C6EFD816-4277-4E3D-A7BA-6183CE61DCA6}.Debug|Any CPU.Build.0 = Debug|Any CPU
		{C6EFD816-4277-4E3D-A7BA-6183CE61DCA6}.Release|Any CPU.ActiveCfg = Release|Any CPU
		{C6EFD816-4277-4E3D-A7BA-6183CE61DCA6}.Release|Any CPU.Build.0 = Release|Any CPU
	EndGlobalSection
	GlobalSection(SolutionProperties) = preSolution
		HideSolutionNode = FALSE
	EndGlobalSection
	GlobalSection(ExtensibilityGlobals) = postSolution
		SolutionGuid = {42E0DBAD-4CFB-4669-9DBB-6FC4253402E2}
	EndGlobalSection
EndGlobal
