
Microsoft Visual Studio Solution File, Format Version 12.00
# Visual Studio 15
VisualStudioVersion = 15.0.27428.2027
MinimumVisualStudioVersion = 10.0.40219.1
Project("{FAE04EC0-301F-11D3-BF4B-00C04F79EFBC}") = "Testing", "Testing\Testing.csproj", "{0058B306-B923-46C3-B871-9E1DBEC10ABE}"
EndProject
Project("{FAE04EC0-301F-11D3-BF4B-00C04F79EFBC}") = "TestingUnitTests", "TestingUnitTests\TestingUnitTests.csproj", "{031A6989-D46A-4C9D-BC4F-7C43EABDB6CE}"
EndProject
Global
	GlobalSection(SolutionConfigurationPlatforms) = preSolution
		Debug|Any CPU = Debug|Any CPU
		Release|Any CPU = Release|Any CPU
	EndGlobalSection
	GlobalSection(ProjectConfigurationPlatforms) = postSolution
		{0058B306-B923-46C3-B871-9E1DBEC10ABE}.Debug|Any CPU.ActiveCfg = Debug|Any CPU
		{0058B306-B923-46C3-B871-9E1DBEC10ABE}.Debug|Any CPU.Build.0 = Debug|Any CPU
		{0058B306-B923-46C3-B871-9E1DBEC10ABE}.Release|Any CPU.ActiveCfg = Release|Any CPU
		{0058B306-B923-46C3-B871-9E1DBEC10ABE}.Release|Any CPU.Build.0 = Release|Any CPU
		{031A6989-D46A-4C9D-BC4F-7C43EABDB6CE}.Debug|Any CPU.ActiveCfg = Debug|Any CPU
		{031A6989-D46A-4C9D-BC4F-7C43EABDB6CE}.Debug|Any CPU.Build.0 = Debug|Any CPU
		{031A6989-D46A-4C9D-BC4F-7C43EABDB6CE}.Release|Any CPU.ActiveCfg = Release|Any CPU
		{031A6989-D46A-4C9D-BC4F-7C43EABDB6CE}.Release|Any CPU.Build.0 = Release|Any CPU
	EndGlobalSection
	GlobalSection(SolutionProperties) = preSolution
		HideSolutionNode = FALSE
	EndGlobalSection
	GlobalSection(ExtensibilityGlobals) = postSolution
		SolutionGuid = {CC36E4FB-8AE7-4051-9F10-00A214BA34C2}
	EndGlobalSection
EndGlobal
