
Microsoft Visual Studio Solution File, Format Version 12.00
# Visual Studio 15
VisualStudioVersion = 15.0.27130.2027
MinimumVisualStudioVersion = 10.0.40219.1
Project("{FAE04EC0-301F-11D3-BF4B-00C04F79EFBC}") = "02.NumberAdder", "02.NumberAdder\02.NumberAdder.csproj", "{31F5D259-2D81-4F33-81E7-24817176C7C7}"
EndProject
Global
	GlobalSection(SolutionConfigurationPlatforms) = preSolution
		Debug|Any CPU = Debug|Any CPU
		Release|Any CPU = Release|Any CPU
	EndGlobalSection
	GlobalSection(ProjectConfigurationPlatforms) = postSolution
		{31F5D259-2D81-4F33-81E7-24817176C7C7}.Debug|Any CPU.ActiveCfg = Debug|Any CPU
		{31F5D259-2D81-4F33-81E7-24817176C7C7}.Debug|Any CPU.Build.0 = Debug|Any CPU
		{31F5D259-2D81-4F33-81E7-24817176C7C7}.Release|Any CPU.ActiveCfg = Release|Any CPU
		{31F5D259-2D81-4F33-81E7-24817176C7C7}.Release|Any CPU.Build.0 = Release|Any CPU
	EndGlobalSection
	GlobalSection(SolutionProperties) = preSolution
		HideSolutionNode = FALSE
	EndGlobalSection
	GlobalSection(ExtensibilityGlobals) = postSolution
		SolutionGuid = {C610D187-5E81-4E77-98B1-2B785D7476DF}
	EndGlobalSection
EndGlobal
