
Microsoft Visual Studio Solution File, Format Version 12.00
# Visual Studio 15
VisualStudioVersion = 15.0.27130.2027
MinimumVisualStudioVersion = 10.0.40219.1
Project("{FAE04EC0-301F-11D3-BF4B-00C04F79EFBC}") = "Gardening", "Gardening\Gardening.csproj", "{41B8B036-30D5-4A41-84CF-F9B5672FD20D}"
EndProject
Global
	GlobalSection(SolutionConfigurationPlatforms) = preSolution
		Debug|Any CPU = Debug|Any CPU
		Release|Any CPU = Release|Any CPU
	EndGlobalSection
	GlobalSection(ProjectConfigurationPlatforms) = postSolution
		{41B8B036-30D5-4A41-84CF-F9B5672FD20D}.Debug|Any CPU.ActiveCfg = Debug|Any CPU
		{41B8B036-30D5-4A41-84CF-F9B5672FD20D}.Debug|Any CPU.Build.0 = Debug|Any CPU
		{41B8B036-30D5-4A41-84CF-F9B5672FD20D}.Release|Any CPU.ActiveCfg = Release|Any CPU
		{41B8B036-30D5-4A41-84CF-F9B5672FD20D}.Release|Any CPU.Build.0 = Release|Any CPU
	EndGlobalSection
	GlobalSection(SolutionProperties) = preSolution
		HideSolutionNode = FALSE
	EndGlobalSection
	GlobalSection(ExtensibilityGlobals) = postSolution
		SolutionGuid = {DEAE260F-A15E-4C47-865A-89F536548685}
	EndGlobalSection
EndGlobal
