
Microsoft Visual Studio Solution File, Format Version 12.00
# Visual Studio 15
VisualStudioVersion = 15.0.27130.2027
MinimumVisualStudioVersion = 10.0.40219.1
Project("{FAE04EC0-301F-11D3-BF4B-00C04F79EFBC}") = "19.OneTwoALot", "19.OneTwoALot\19.OneTwoALot.csproj", "{A53E2BC1-4227-4C49-AAB1-722F0BCD5D0C}"
EndProject
Global
	GlobalSection(SolutionConfigurationPlatforms) = preSolution
		Debug|Any CPU = Debug|Any CPU
		Release|Any CPU = Release|Any CPU
	EndGlobalSection
	GlobalSection(ProjectConfigurationPlatforms) = postSolution
		{A53E2BC1-4227-4C49-AAB1-722F0BCD5D0C}.Debug|Any CPU.ActiveCfg = Debug|Any CPU
		{A53E2BC1-4227-4C49-AAB1-722F0BCD5D0C}.Debug|Any CPU.Build.0 = Debug|Any CPU
		{A53E2BC1-4227-4C49-AAB1-722F0BCD5D0C}.Release|Any CPU.ActiveCfg = Release|Any CPU
		{A53E2BC1-4227-4C49-AAB1-722F0BCD5D0C}.Release|Any CPU.Build.0 = Release|Any CPU
	EndGlobalSection
	GlobalSection(SolutionProperties) = preSolution
		HideSolutionNode = FALSE
	EndGlobalSection
	GlobalSection(ExtensibilityGlobals) = postSolution
		SolutionGuid = {DAED6266-5094-4D72-ADE1-EAD43D1AD441}
	EndGlobalSection
EndGlobal
