
Microsoft Visual Studio Solution File, Format Version 12.00
# Visual Studio 15
VisualStudioVersion = 15.0.27428.2002
MinimumVisualStudioVersion = 10.0.40219.1
Project("{FAE04EC0-301F-11D3-BF4B-00C04F79EFBC}") = "Counter", "Counter\Counter.csproj", "{CC64A55A-2C01-4366-BC25-D9FA26E1B0F1}"
EndProject
Global
	GlobalSection(SolutionConfigurationPlatforms) = preSolution
		Debug|Any CPU = Debug|Any CPU
		Release|Any CPU = Release|Any CPU
	EndGlobalSection
	GlobalSection(ProjectConfigurationPlatforms) = postSolution
		{CC64A55A-2C01-4366-BC25-D9FA26E1B0F1}.Debug|Any CPU.ActiveCfg = Debug|Any CPU
		{CC64A55A-2C01-4366-BC25-D9FA26E1B0F1}.Debug|Any CPU.Build.0 = Debug|Any CPU
		{CC64A55A-2C01-4366-BC25-D9FA26E1B0F1}.Release|Any CPU.ActiveCfg = Release|Any CPU
		{CC64A55A-2C01-4366-BC25-D9FA26E1B0F1}.Release|Any CPU.Build.0 = Release|Any CPU
	EndGlobalSection
	GlobalSection(SolutionProperties) = preSolution
		HideSolutionNode = FALSE
	EndGlobalSection
	GlobalSection(ExtensibilityGlobals) = postSolution
		SolutionGuid = {3B1C08CE-6330-4C47-913E-C52123026AEA}
	EndGlobalSection
EndGlobal
