
Microsoft Visual Studio Solution File, Format Version 12.00
# Visual Studio 15
VisualStudioVersion = 15.0.27130.2027
MinimumVisualStudioVersion = 10.0.40219.1
Project("{FAE04EC0-301F-11D3-BF4B-00C04F79EFBC}") = "01.Counter", "01.Counter\01.Counter.csproj", "{BA1A58C3-F80F-4A1E-96A2-CCD1575CA9E3}"
EndProject
Global
	GlobalSection(SolutionConfigurationPlatforms) = preSolution
		Debug|Any CPU = Debug|Any CPU
		Release|Any CPU = Release|Any CPU
	EndGlobalSection
	GlobalSection(ProjectConfigurationPlatforms) = postSolution
		{BA1A58C3-F80F-4A1E-96A2-CCD1575CA9E3}.Debug|Any CPU.ActiveCfg = Debug|Any CPU
		{BA1A58C3-F80F-4A1E-96A2-CCD1575CA9E3}.Debug|Any CPU.Build.0 = Debug|Any CPU
		{BA1A58C3-F80F-4A1E-96A2-CCD1575CA9E3}.Release|Any CPU.ActiveCfg = Release|Any CPU
		{BA1A58C3-F80F-4A1E-96A2-CCD1575CA9E3}.Release|Any CPU.Build.0 = Release|Any CPU
	EndGlobalSection
	GlobalSection(SolutionProperties) = preSolution
		HideSolutionNode = FALSE
	EndGlobalSection
	GlobalSection(ExtensibilityGlobals) = postSolution
		SolutionGuid = {8C63D4B1-4AE0-4438-A9AA-C8E95CBA9C80}
	EndGlobalSection
EndGlobal
