
Microsoft Visual Studio Solution File, Format Version 12.00
# Visual Studio 15
VisualStudioVersion = 15.0.27428.2027
MinimumVisualStudioVersion = 10.0.40219.1
Project("{FAE04EC0-301F-11D3-BF4B-00C04F79EFBC}") = "LgPlay", "LgPlay\LgPlay.csproj", "{8FF0C192-B7FC-4BFF-8257-4C262C92EFC5}"
EndProject
Global
	GlobalSection(SolutionConfigurationPlatforms) = preSolution
		Debug|Any CPU = Debug|Any CPU
		Release|Any CPU = Release|Any CPU
	EndGlobalSection
	GlobalSection(ProjectConfigurationPlatforms) = postSolution
		{8FF0C192-B7FC-4BFF-8257-4C262C92EFC5}.Debug|Any CPU.ActiveCfg = Debug|Any CPU
		{8FF0C192-B7FC-4BFF-8257-4C262C92EFC5}.Debug|Any CPU.Build.0 = Debug|Any CPU
		{8FF0C192-B7FC-4BFF-8257-4C262C92EFC5}.Release|Any CPU.ActiveCfg = Release|Any CPU
		{8FF0C192-B7FC-4BFF-8257-4C262C92EFC5}.Release|Any CPU.Build.0 = Release|Any CPU
	EndGlobalSection
	GlobalSection(SolutionProperties) = preSolution
		HideSolutionNode = FALSE
	EndGlobalSection
	GlobalSection(ExtensibilityGlobals) = postSolution
		SolutionGuid = {5D1274CB-61F7-4B47-885B-4C854DB6711A}
	EndGlobalSection
EndGlobal
