
Microsoft Visual Studio Solution File, Format Version 12.00
# Visual Studio 15
VisualStudioVersion = 15.0.27130.2027
MinimumVisualStudioVersion = 10.0.40219.1
Project("{FAE04EC0-301F-11D3-BF4B-00C04F79EFBC}") = "SumAllArray", "SumAllArray\SumAllArray.csproj", "{C633CD6C-D235-4B85-8405-99333F1D1A61}"
EndProject
Global
	GlobalSection(SolutionConfigurationPlatforms) = preSolution
		Debug|Any CPU = Debug|Any CPU
		Release|Any CPU = Release|Any CPU
	EndGlobalSection
	GlobalSection(ProjectConfigurationPlatforms) = postSolution
		{C633CD6C-D235-4B85-8405-99333F1D1A61}.Debug|Any CPU.ActiveCfg = Debug|Any CPU
		{C633CD6C-D235-4B85-8405-99333F1D1A61}.Debug|Any CPU.Build.0 = Debug|Any CPU
		{C633CD6C-D235-4B85-8405-99333F1D1A61}.Release|Any CPU.ActiveCfg = Release|Any CPU
		{C633CD6C-D235-4B85-8405-99333F1D1A61}.Release|Any CPU.Build.0 = Release|Any CPU
	EndGlobalSection
	GlobalSection(SolutionProperties) = preSolution
		HideSolutionNode = FALSE
	EndGlobalSection
	GlobalSection(ExtensibilityGlobals) = postSolution
		SolutionGuid = {8FF7C7F9-5753-49DC-9A1A-3775C38E83FE}
	EndGlobalSection
EndGlobal
