
Microsoft Visual Studio Solution File, Format Version 12.00
# Visual Studio 15
VisualStudioVersion = 15.0.27130.2027
MinimumVisualStudioVersion = 10.0.40219.1
Project("{FAE04EC0-301F-11D3-BF4B-00C04F79EFBC}") = "05-Reverse", "05-Reverse\05-Reverse.csproj", "{BCFB08B3-98A6-4AA1-82D8-3B957AE96ACB}"
EndProject
Global
	GlobalSection(SolutionConfigurationPlatforms) = preSolution
		Debug|Any CPU = Debug|Any CPU
		Release|Any CPU = Release|Any CPU
	EndGlobalSection
	GlobalSection(ProjectConfigurationPlatforms) = postSolution
		{BCFB08B3-98A6-4AA1-82D8-3B957AE96ACB}.Debug|Any CPU.ActiveCfg = Debug|Any CPU
		{BCFB08B3-98A6-4AA1-82D8-3B957AE96ACB}.Debug|Any CPU.Build.0 = Debug|Any CPU
		{BCFB08B3-98A6-4AA1-82D8-3B957AE96ACB}.Release|Any CPU.ActiveCfg = Release|Any CPU
		{BCFB08B3-98A6-4AA1-82D8-3B957AE96ACB}.Release|Any CPU.Build.0 = Release|Any CPU
	EndGlobalSection
	GlobalSection(SolutionProperties) = preSolution
		HideSolutionNode = FALSE
	EndGlobalSection
	GlobalSection(ExtensibilityGlobals) = postSolution
		SolutionGuid = {10A3C90B-819E-4517-99F0-B3420D550417}
	EndGlobalSection
EndGlobal
