
Microsoft Visual Studio Solution File, Format Version 12.00
# Visual Studio 15
VisualStudioVersion = 15.0.27130.2027
MinimumVisualStudioVersion = 10.0.40219.1
Project("{FAE04EC0-301F-11D3-BF4B-00C04F79EFBC}") = "24.PrintEven", "24.PrintEven\24.PrintEven.csproj", "{20BA5276-30E2-46B0-8548-2127B222C9B3}"
EndProject
Global
	GlobalSection(SolutionConfigurationPlatforms) = preSolution
		Debug|Any CPU = Debug|Any CPU
		Release|Any CPU = Release|Any CPU
	EndGlobalSection
	GlobalSection(ProjectConfigurationPlatforms) = postSolution
		{20BA5276-30E2-46B0-8548-2127B222C9B3}.Debug|Any CPU.ActiveCfg = Debug|Any CPU
		{20BA5276-30E2-46B0-8548-2127B222C9B3}.Debug|Any CPU.Build.0 = Debug|Any CPU
		{20BA5276-30E2-46B0-8548-2127B222C9B3}.Release|Any CPU.ActiveCfg = Release|Any CPU
		{20BA5276-30E2-46B0-8548-2127B222C9B3}.Release|Any CPU.Build.0 = Release|Any CPU
	EndGlobalSection
	GlobalSection(SolutionProperties) = preSolution
		HideSolutionNode = FALSE
	EndGlobalSection
	GlobalSection(ExtensibilityGlobals) = postSolution
		SolutionGuid = {5ABA57B5-441B-4919-98C8-C1D5BE8842B7}
	EndGlobalSection
EndGlobal
