
Microsoft Visual Studio Solution File, Format Version 12.00
# Visual Studio 15
VisualStudioVersion = 15.0.27130.2027
MinimumVisualStudioVersion = 10.0.40219.1
Project("{FAE04EC0-301F-11D3-BF4B-00C04F79EFBC}") = "04-ToDoPrint", "04-ToDoPrint\04-ToDoPrint.csproj", "{362FE329-A8EB-459C-9A3F-67AABD8BA4F1}"
EndProject
Global
	GlobalSection(SolutionConfigurationPlatforms) = preSolution
		Debug|Any CPU = Debug|Any CPU
		Release|Any CPU = Release|Any CPU
	EndGlobalSection
	GlobalSection(ProjectConfigurationPlatforms) = postSolution
		{362FE329-A8EB-459C-9A3F-67AABD8BA4F1}.Debug|Any CPU.ActiveCfg = Debug|Any CPU
		{362FE329-A8EB-459C-9A3F-67AABD8BA4F1}.Debug|Any CPU.Build.0 = Debug|Any CPU
		{362FE329-A8EB-459C-9A3F-67AABD8BA4F1}.Release|Any CPU.ActiveCfg = Release|Any CPU
		{362FE329-A8EB-459C-9A3F-67AABD8BA4F1}.Release|Any CPU.Build.0 = Release|Any CPU
	EndGlobalSection
	GlobalSection(SolutionProperties) = preSolution
		HideSolutionNode = FALSE
	EndGlobalSection
	GlobalSection(ExtensibilityGlobals) = postSolution
		SolutionGuid = {88652C80-D405-4B13-8EF0-A64735EE0C43}
	EndGlobalSection
EndGlobal
