
Microsoft Visual Studio Solution File, Format Version 12.00
# Visual Studio 15
VisualStudioVersion = 15.0.27130.2027
MinimumVisualStudioVersion = 10.0.40219.1
Project("{FAE04EC0-301F-11D3-BF4B-00C04F79EFBC}") = "14.HelloUser", "14.HelloUser\14.HelloUser.csproj", "{B6465D75-D8A3-4867-9B80-5C931B8019E9}"
EndProject
Global
	GlobalSection(SolutionConfigurationPlatforms) = preSolution
		Debug|Any CPU = Debug|Any CPU
		Release|Any CPU = Release|Any CPU
	EndGlobalSection
	GlobalSection(ProjectConfigurationPlatforms) = postSolution
		{B6465D75-D8A3-4867-9B80-5C931B8019E9}.Debug|Any CPU.ActiveCfg = Debug|Any CPU
		{B6465D75-D8A3-4867-9B80-5C931B8019E9}.Debug|Any CPU.Build.0 = Debug|Any CPU
		{B6465D75-D8A3-4867-9B80-5C931B8019E9}.Release|Any CPU.ActiveCfg = Release|Any CPU
		{B6465D75-D8A3-4867-9B80-5C931B8019E9}.Release|Any CPU.Build.0 = Release|Any CPU
	EndGlobalSection
	GlobalSection(SolutionProperties) = preSolution
		HideSolutionNode = FALSE
	EndGlobalSection
	GlobalSection(ExtensibilityGlobals) = postSolution
		SolutionGuid = {109D4513-15FF-4403-BA2C-1C73E7AF7032}
	EndGlobalSection
EndGlobal
