
Microsoft Visual Studio Solution File, Format Version 12.00
# Visual Studio 15
VisualStudioVersion = 15.0.27130.2027
MinimumVisualStudioVersion = 10.0.40219.1
Project("{FAE04EC0-301F-11D3-BF4B-00C04F79EFBC}") = "w04d03e04ConcertHall", "w04d03e04ConcertHall\w04d03e04ConcertHall.csproj", "{903DA784-7FCE-440D-92F2-6BE0D525F492}"
EndProject
Project("{FAE04EC0-301F-11D3-BF4B-00C04F79EFBC}") = "Music", "Music\Music.csproj", "{4E68696E-64A7-436A-96BA-04DA6C1032FC}"
EndProject
Global
	GlobalSection(SolutionConfigurationPlatforms) = preSolution
		Debug|Any CPU = Debug|Any CPU
		Release|Any CPU = Release|Any CPU
	EndGlobalSection
	GlobalSection(ProjectConfigurationPlatforms) = postSolution
		{903DA784-7FCE-440D-92F2-6BE0D525F492}.Debug|Any CPU.ActiveCfg = Debug|Any CPU
		{903DA784-7FCE-440D-92F2-6BE0D525F492}.Debug|Any CPU.Build.0 = Debug|Any CPU
		{903DA784-7FCE-440D-92F2-6BE0D525F492}.Release|Any CPU.ActiveCfg = Release|Any CPU
		{903DA784-7FCE-440D-92F2-6BE0D525F492}.Release|Any CPU.Build.0 = Release|Any CPU
		{4E68696E-64A7-436A-96BA-04DA6C1032FC}.Debug|Any CPU.ActiveCfg = Debug|Any CPU
		{4E68696E-64A7-436A-96BA-04DA6C1032FC}.Debug|Any CPU.Build.0 = Debug|Any CPU
		{4E68696E-64A7-436A-96BA-04DA6C1032FC}.Release|Any CPU.ActiveCfg = Release|Any CPU
		{4E68696E-64A7-436A-96BA-04DA6C1032FC}.Release|Any CPU.Build.0 = Release|Any CPU
	EndGlobalSection
	GlobalSection(SolutionProperties) = preSolution
		HideSolutionNode = FALSE
	EndGlobalSection
	GlobalSection(ExtensibilityGlobals) = postSolution
		SolutionGuid = {85D7A442-E46D-4A8A-BC7A-2BB80CAD5CDA}
	EndGlobalSection
EndGlobal
