
Microsoft Visual Studio Solution File, Format Version 12.00
# Visual Studio 15
VisualStudioVersion = 15.0.27130.2027
MinimumVisualStudioVersion = 10.0.40219.1
Project("{FAE04EC0-301F-11D3-BF4B-00C04F79EFBC}") = "DoubleItems", "DoubleItems\DoubleItems.csproj", "{AB8CC1E3-A032-4A3B-B702-9D91C1B937B8}"
EndProject
Global
	GlobalSection(SolutionConfigurationPlatforms) = preSolution
		Debug|Any CPU = Debug|Any CPU
		Release|Any CPU = Release|Any CPU
	EndGlobalSection
	GlobalSection(ProjectConfigurationPlatforms) = postSolution
		{AB8CC1E3-A032-4A3B-B702-9D91C1B937B8}.Debug|Any CPU.ActiveCfg = Debug|Any CPU
		{AB8CC1E3-A032-4A3B-B702-9D91C1B937B8}.Debug|Any CPU.Build.0 = Debug|Any CPU
		{AB8CC1E3-A032-4A3B-B702-9D91C1B937B8}.Release|Any CPU.ActiveCfg = Release|Any CPU
		{AB8CC1E3-A032-4A3B-B702-9D91C1B937B8}.Release|Any CPU.Build.0 = Release|Any CPU
	EndGlobalSection
	GlobalSection(SolutionProperties) = preSolution
		HideSolutionNode = FALSE
	EndGlobalSection
	GlobalSection(ExtensibilityGlobals) = postSolution
		SolutionGuid = {56734C36-76A5-484A-B3DC-085541843F49}
	EndGlobalSection
EndGlobal
