
Microsoft Visual Studio Solution File, Format Version 12.00
# Visual Studio 15
VisualStudioVersion = 15.0.27130.2027
MinimumVisualStudioVersion = 10.0.40219.1
Project("{FAE04EC0-301F-11D3-BF4B-00C04F79EFBC}") = "01.Post-it", "01.Post-it\01.Post-it.csproj", "{4E56DE11-64AC-4373-BBF9-0D21F81B51CC}"
EndProject
Global
	GlobalSection(SolutionConfigurationPlatforms) = preSolution
		Debug|Any CPU = Debug|Any CPU
		Release|Any CPU = Release|Any CPU
	EndGlobalSection
	GlobalSection(ProjectConfigurationPlatforms) = postSolution
		{4E56DE11-64AC-4373-BBF9-0D21F81B51CC}.Debug|Any CPU.ActiveCfg = Debug|Any CPU
		{4E56DE11-64AC-4373-BBF9-0D21F81B51CC}.Debug|Any CPU.Build.0 = Debug|Any CPU
		{4E56DE11-64AC-4373-BBF9-0D21F81B51CC}.Release|Any CPU.ActiveCfg = Release|Any CPU
		{4E56DE11-64AC-4373-BBF9-0D21F81B51CC}.Release|Any CPU.Build.0 = Release|Any CPU
	EndGlobalSection
	GlobalSection(SolutionProperties) = preSolution
		HideSolutionNode = FALSE
	EndGlobalSection
	GlobalSection(ExtensibilityGlobals) = postSolution
		SolutionGuid = {1DFDD1C2-D55F-462A-9901-0082C47C8017}
	EndGlobalSection
EndGlobal
