
Microsoft Visual Studio Solution File, Format Version 12.00
# Visual Studio 15
VisualStudioVersion = 15.0.27130.2027
MinimumVisualStudioVersion = 10.0.40219.1
Project("{FAE04EC0-301F-11D3-BF4B-00C04F79EFBC}") = "divideByZero", "divideByZero\divideByZero.csproj", "{60394881-FD77-47E8-81C0-0F1A4EEF2055}"
EndProject
Global
	GlobalSection(SolutionConfigurationPlatforms) = preSolution
		Debug|Any CPU = Debug|Any CPU
		Release|Any CPU = Release|Any CPU
	EndGlobalSection
	GlobalSection(ProjectConfigurationPlatforms) = postSolution
		{60394881-FD77-47E8-81C0-0F1A4EEF2055}.Debug|Any CPU.ActiveCfg = Debug|Any CPU
		{60394881-FD77-47E8-81C0-0F1A4EEF2055}.Debug|Any CPU.Build.0 = Debug|Any CPU
		{60394881-FD77-47E8-81C0-0F1A4EEF2055}.Release|Any CPU.ActiveCfg = Release|Any CPU
		{60394881-FD77-47E8-81C0-0F1A4EEF2055}.Release|Any CPU.Build.0 = Release|Any CPU
	EndGlobalSection
	GlobalSection(SolutionProperties) = preSolution
		HideSolutionNode = FALSE
	EndGlobalSection
	GlobalSection(ExtensibilityGlobals) = postSolution
		SolutionGuid = {4B600EE7-2537-4AED-AD67-D4BB26087B07}
	EndGlobalSection
EndGlobal
