
Microsoft Visual Studio Solution File, Format Version 12.00
# Visual Studio 15
VisualStudioVersion = 15.0.27130.2027
MinimumVisualStudioVersion = 10.0.40219.1
Project("{FAE04EC0-301F-11D3-BF4B-00C04F79EFBC}") = "w04d03e02Comparator", "w04d03e02Comparator\w04d03e02Comparator.csproj", "{11576EE2-2752-4D33-AFE8-60353471D5CF}"
EndProject
Global
	GlobalSection(SolutionConfigurationPlatforms) = preSolution
		Debug|Any CPU = Debug|Any CPU
		Release|Any CPU = Release|Any CPU
	EndGlobalSection
	GlobalSection(ProjectConfigurationPlatforms) = postSolution
		{11576EE2-2752-4D33-AFE8-60353471D5CF}.Debug|Any CPU.ActiveCfg = Debug|Any CPU
		{11576EE2-2752-4D33-AFE8-60353471D5CF}.Debug|Any CPU.Build.0 = Debug|Any CPU
		{11576EE2-2752-4D33-AFE8-60353471D5CF}.Release|Any CPU.ActiveCfg = Release|Any CPU
		{11576EE2-2752-4D33-AFE8-60353471D5CF}.Release|Any CPU.Build.0 = Release|Any CPU
	EndGlobalSection
	GlobalSection(SolutionProperties) = preSolution
		HideSolutionNode = FALSE
	EndGlobalSection
	GlobalSection(ExtensibilityGlobals) = postSolution
		SolutionGuid = {B13411FC-C60C-4F7B-81E3-4FFB2084B58E}
	EndGlobalSection
EndGlobal
