
Microsoft Visual Studio Solution File, Format Version 12.00
# Visual Studio 15
VisualStudioVersion = 15.0.27130.2027
MinimumVisualStudioVersion = 10.0.40219.1
Project("{FAE04EC0-301F-11D3-BF4B-00C04F79EFBC}") = "ConsoleApp1", "ConsoleApp1\ConsoleApp1.csproj", "{89B87896-90E2-4A16-9E6C-77FAE73D70B7}"
EndProject
Global
	GlobalSection(SolutionConfigurationPlatforms) = preSolution
		Debug|Any CPU = Debug|Any CPU
		Release|Any CPU = Release|Any CPU
	EndGlobalSection
	GlobalSection(ProjectConfigurationPlatforms) = postSolution
		{89B87896-90E2-4A16-9E6C-77FAE73D70B7}.Debug|Any CPU.ActiveCfg = Debug|Any CPU
		{89B87896-90E2-4A16-9E6C-77FAE73D70B7}.Debug|Any CPU.Build.0 = Debug|Any CPU
		{89B87896-90E2-4A16-9E6C-77FAE73D70B7}.Release|Any CPU.ActiveCfg = Release|Any CPU
		{89B87896-90E2-4A16-9E6C-77FAE73D70B7}.Release|Any CPU.Build.0 = Release|Any CPU
	EndGlobalSection
	GlobalSection(SolutionProperties) = preSolution
		HideSolutionNode = FALSE
	EndGlobalSection
	GlobalSection(ExtensibilityGlobals) = postSolution
		SolutionGuid = {7D11BD48-2696-41E1-83CB-3DF98E6C500A}
	EndGlobalSection
EndGlobal
