
Microsoft Visual Studio Solution File, Format Version 12.00
# Visual Studio 15
VisualStudioVersion = 15.0.27130.2027
MinimumVisualStudioVersion = 10.0.40219.1
Project("{FAE04EC0-301F-11D3-BF4B-00C04F79EFBC}") = "PrintAll", "PrintAll\PrintAll.csproj", "{1E8E12B0-B38D-4435-9B28-CDC0A6791864}"
EndProject
Global
	GlobalSection(SolutionConfigurationPlatforms) = preSolution
		Debug|Any CPU = Debug|Any CPU
		Release|Any CPU = Release|Any CPU
	EndGlobalSection
	GlobalSection(ProjectConfigurationPlatforms) = postSolution
		{1E8E12B0-B38D-4435-9B28-CDC0A6791864}.Debug|Any CPU.ActiveCfg = Debug|Any CPU
		{1E8E12B0-B38D-4435-9B28-CDC0A6791864}.Debug|Any CPU.Build.0 = Debug|Any CPU
		{1E8E12B0-B38D-4435-9B28-CDC0A6791864}.Release|Any CPU.ActiveCfg = Release|Any CPU
		{1E8E12B0-B38D-4435-9B28-CDC0A6791864}.Release|Any CPU.Build.0 = Release|Any CPU
	EndGlobalSection
	GlobalSection(SolutionProperties) = preSolution
		HideSolutionNode = FALSE
	EndGlobalSection
	GlobalSection(ExtensibilityGlobals) = postSolution
		SolutionGuid = {D5E34371-EF6E-4EDA-A9D0-780CF1111ED4}
	EndGlobalSection
EndGlobal
