
Microsoft Visual Studio Solution File, Format Version 12.00
# Visual Studio 15
VisualStudioVersion = 15.0.27130.2027
MinimumVisualStudioVersion = 10.0.40219.1
Project("{FAE04EC0-301F-11D3-BF4B-00C04F79EFBC}") = "27.FizzBuzz", "27.FizzBuzz\27.FizzBuzz.csproj", "{4BB5D826-2093-4E65-8E4E-1999B2397EDB}"
EndProject
Global
	GlobalSection(SolutionConfigurationPlatforms) = preSolution
		Debug|Any CPU = Debug|Any CPU
		Release|Any CPU = Release|Any CPU
	EndGlobalSection
	GlobalSection(ProjectConfigurationPlatforms) = postSolution
		{4BB5D826-2093-4E65-8E4E-1999B2397EDB}.Debug|Any CPU.ActiveCfg = Debug|Any CPU
		{4BB5D826-2093-4E65-8E4E-1999B2397EDB}.Debug|Any CPU.Build.0 = Debug|Any CPU
		{4BB5D826-2093-4E65-8E4E-1999B2397EDB}.Release|Any CPU.ActiveCfg = Release|Any CPU
		{4BB5D826-2093-4E65-8E4E-1999B2397EDB}.Release|Any CPU.Build.0 = Release|Any CPU
	EndGlobalSection
	GlobalSection(SolutionProperties) = preSolution
		HideSolutionNode = FALSE
	EndGlobalSection
	GlobalSection(ExtensibilityGlobals) = postSolution
		SolutionGuid = {D83D3621-7FDE-41F2-A7CB-D4309F883C69}
	EndGlobalSection
EndGlobal
