
Microsoft Visual Studio Solution File, Format Version 12.00
# Visual Studio 15
VisualStudioVersion = 15.0.27130.2027
MinimumVisualStudioVersion = 10.0.40219.1
Project("{FAE04EC0-301F-11D3-BF4B-00C04F79EFBC}") = "11.VariableMutations", "11.VariableMutations\11.VariableMutations.csproj", "{2F0569F2-7D5C-450D-A611-A42D04524BFC}"
EndProject
Global
	GlobalSection(SolutionConfigurationPlatforms) = preSolution
		Debug|Any CPU = Debug|Any CPU
		Release|Any CPU = Release|Any CPU
	EndGlobalSection
	GlobalSection(ProjectConfigurationPlatforms) = postSolution
		{2F0569F2-7D5C-450D-A611-A42D04524BFC}.Debug|Any CPU.ActiveCfg = Debug|Any CPU
		{2F0569F2-7D5C-450D-A611-A42D04524BFC}.Debug|Any CPU.Build.0 = Debug|Any CPU
		{2F0569F2-7D5C-450D-A611-A42D04524BFC}.Release|Any CPU.ActiveCfg = Release|Any CPU
		{2F0569F2-7D5C-450D-A611-A42D04524BFC}.Release|Any CPU.Build.0 = Release|Any CPU
	EndGlobalSection
	GlobalSection(SolutionProperties) = preSolution
		HideSolutionNode = FALSE
	EndGlobalSection
	GlobalSection(ExtensibilityGlobals) = postSolution
		SolutionGuid = {0518F0C1-F771-4DA0-AA57-C84ABDF25992}
	EndGlobalSection
EndGlobal
